
Microsoft Visual Studio Solution File, Format Version 12.00
# Visual Studio Version 17
VisualStudioVersion = 17.4.33213.308
MinimumVisualStudioVersion = 10.0.40219.1
Project("{FAE04EC0-301F-11D3-BF4B-00C04F79EFBC}") = "BooruImageDownloader", "BooruImageDownloader\BooruImageDownloader.csproj", "{1683A9D9-A557-42A4-9B07-A78A2A675736}"
EndProject
Global
	GlobalSection(SolutionConfigurationPlatforms) = preSolution
		Debug|Any CPU = Debug|Any CPU
		Release|Any CPU = Release|Any CPU
	EndGlobalSection
	GlobalSection(ProjectConfigurationPlatforms) = postSolution
		{1683A9D9-A557-42A4-9B07-A78A2A675736}.Debug|Any CPU.ActiveCfg = Debug|Any CPU
		{1683A9D9-A557-42A4-9B07-A78A2A675736}.Debug|Any CPU.Build.0 = Debug|Any CPU
		{1683A9D9-A557-42A4-9B07-A78A2A675736}.Release|Any CPU.ActiveCfg = Release|Any CPU
		{1683A9D9-A557-42A4-9B07-A78A2A675736}.Release|Any CPU.Build.0 = Release|Any CPU
	EndGlobalSection
	GlobalSection(SolutionProperties) = preSolution
		HideSolutionNode = FALSE
	EndGlobalSection
	GlobalSection(ExtensibilityGlobals) = postSolution
		SolutionGuid = {AC9167FA-6D9C-41DA-BDC5-2F684FB7F6D2}
	EndGlobalSection
EndGlobal
